
Microsoft Visual Studio Solution File, Format Version 12.00
# Visual Studio Version 17
VisualStudioVersion = 17.0.31912.275
MinimumVisualStudioVersion = 10.0.40219.1
Project("{FAE04EC0-301F-11D3-BF4B-00C04F79EFBC}") = "task 5", "task 5\task 5.csproj", "{062019B3-0E53-4E19-BF68-8FFC6C73BDF7}"
EndProject
Global
	GlobalSection(SolutionConfigurationPlatforms) = preSolution
		Debug|Any CPU = Debug|Any CPU
		Release|Any CPU = Release|Any CPU
	EndGlobalSection
	GlobalSection(ProjectConfigurationPlatforms) = postSolution
		{062019B3-0E53-4E19-BF68-8FFC6C73BDF7}.Debug|Any CPU.ActiveCfg = Debug|Any CPU
		{062019B3-0E53-4E19-BF68-8FFC6C73BDF7}.Debug|Any CPU.Build.0 = Debug|Any CPU
		{062019B3-0E53-4E19-BF68-8FFC6C73BDF7}.Release|Any CPU.ActiveCfg = Release|Any CPU
		{062019B3-0E53-4E19-BF68-8FFC6C73BDF7}.Release|Any CPU.Build.0 = Release|Any CPU
	EndGlobalSection
	GlobalSection(SolutionProperties) = preSolution
		HideSolutionNode = FALSE
	EndGlobalSection
	GlobalSection(ExtensibilityGlobals) = postSolution
		SolutionGuid = {AF4E2453-1BE3-4F5B-A0CE-72C2520EB32D}
	EndGlobalSection
EndGlobal
